
Microsoft Visual Studio Solution File, Format Version 12.00
# Visual Studio Version 16
VisualStudioVersion = 16.0.29519.181
MinimumVisualStudioVersion = 10.0.40219.1
Project("{FAE04EC0-301F-11D3-BF4B-00C04F79EFBC}") = "Students", "Students\Students.csproj", "{BC768C0C-41B3-4E20-BB45-E7974B9AAC7F}"
EndProject
Global
	GlobalSection(SolutionConfigurationPlatforms) = preSolution
		Debug|Any CPU = Debug|Any CPU
		Release|Any CPU = Release|Any CPU
	EndGlobalSection
	GlobalSection(ProjectConfigurationPlatforms) = postSolution
		{BC768C0C-41B3-4E20-BB45-E7974B9AAC7F}.Debug|Any CPU.ActiveCfg = Debug|Any CPU
		{BC768C0C-41B3-4E20-BB45-E7974B9AAC7F}.Debug|Any CPU.Build.0 = Debug|Any CPU
		{BC768C0C-41B3-4E20-BB45-E7974B9AAC7F}.Release|Any CPU.ActiveCfg = Release|Any CPU
		{BC768C0C-41B3-4E20-BB45-E7974B9AAC7F}.Release|Any CPU.Build.0 = Release|Any CPU
	EndGlobalSection
	GlobalSection(SolutionProperties) = preSolution
		HideSolutionNode = FALSE
	EndGlobalSection
	GlobalSection(ExtensibilityGlobals) = postSolution
		SolutionGuid = {F214CD5F-1230-44B2-A2DB-08534B5514F7}
	EndGlobalSection
EndGlobal
